# THIS IS AN AUTOGENERATED FILE. DO NOT EDIT THIS FILE DIRECTLY.
# yarn lockfile v1


"@babel/code-frame@^7.24.2":
  version "7.26.2"
  resolved "https://registry.yarnpkg.com/@babel/code-frame/-/code-frame-7.26.2.tgz#4b5fab97d33338eff916235055f0ebc21e573a85"
  integrity sha512-RJlIHRueQgwWitWgF8OdFYGZX328Ax5BCemNGlqHfplnRT9ESi8JkFlvaVYbS+UubVY6dpv87Fs2u5M29iNFVQ==
  dependencies:
    "@babel/helper-validator-identifier" "^7.25.9"
    js-tokens "^4.0.0"
    picocolors "^1.0.0"

"@babel/helper-validator-identifier@^7.25.9":
  version "7.25.9"
  resolved "https://registry.yarnpkg.com/@babel/helper-validator-identifier/-/helper-validator-identifier-7.25.9.tgz#24b64e2c3ec7cd3b3c547729b8d16871f22cbdc7"
  integrity sha512-Ed61U6XJc3CVRfkERJWDz4dJwKe7iLmmJsbOGu9wSloNSFttHV0I8g6UAgb7qnK5ly5bGLPd4oXZlxCdANBOWQ==

"@jridgewell/sourcemap-codec@^1.5.0":
  version "1.5.0"
  resolved "https://registry.yarnpkg.com/@jridgewell/sourcemap-codec/-/sourcemap-codec-1.5.0.tgz#3188bcb273a414b0d215fd22a58540b989b9409a"
  integrity sha512-gv3ZRaISU3fjPAgNsriBRqGWQL6quFx04YMPW/zD8XMLsU32mhCCbfbO6KZFLjvYpCZ8zyDEgqsgf+PwPaM7GQ==

"@rollup/plugin-swc@^0.4.0":
  version "0.4.0"
  resolved "https://registry.yarnpkg.com/@rollup/plugin-swc/-/plugin-swc-0.4.0.tgz#fb637e505dfd4506bd92258e8fc616d348a212be"
  integrity sha512-oAtqXa8rOl7BOK1Rz3rRxI+LIL53S9SqO2KSq2UUUzWgOgXg6492Jh5mL2mv/f9cpit8zFWdwILuVeozZ0C8mg==
  dependencies:
    "@rollup/pluginutils" "^5.0.1"
    smob "^1.4.0"

"@rollup/pluginutils@^5.0.1":
  version "5.1.3"
  resolved "https://registry.yarnpkg.com/@rollup/pluginutils/-/pluginutils-5.1.3.tgz#3001bf1a03f3ad24457591f2c259c8e514e0dbdf"
  integrity sha512-Pnsb6f32CD2W3uCaLZIzDmeFyQ2b8UWMFI7xtwUezpcGBDVDW6y9XgAWIlARiGAo6eNF5FK5aQTr0LFyNyqq5A==
  dependencies:
    "@types/estree" "^1.0.0"
    estree-walker "^2.0.2"
    picomatch "^4.0.2"

"@rollup/rollup-android-arm-eabi@4.26.0":
  version "4.26.0"
  resolved "https://registry.yarnpkg.com/@rollup/rollup-android-arm-eabi/-/rollup-android-arm-eabi-4.26.0.tgz#f221c519a6efb5d3652bff32351522e0fb98e392"
  integrity sha512-gJNwtPDGEaOEgejbaseY6xMFu+CPltsc8/T+diUTTbOQLqD+bnrJq9ulH6WD69TqwqWmrfRAtUv30cCFZlbGTQ==

"@rollup/rollup-android-arm64@4.26.0":
  version "4.26.0"
  resolved "https://registry.yarnpkg.com/@rollup/rollup-android-arm64/-/rollup-android-arm64-4.26.0.tgz#196a2379d81011422fe1128e512a8811605ede16"
  integrity sha512-YJa5Gy8mEZgz5JquFruhJODMq3lTHWLm1fOy+HIANquLzfIOzE9RA5ie3JjCdVb9r46qfAQY/l947V0zfGJ0OQ==

"@rollup/rollup-darwin-arm64@4.26.0":
  version "4.26.0"
  resolved "https://registry.yarnpkg.com/@rollup/rollup-darwin-arm64/-/rollup-darwin-arm64-4.26.0.tgz#0c83e5f25adae7f0543ac29a0ebd485a0e7cd3e4"
  integrity sha512-ErTASs8YKbqTBoPLp/kA1B1Um5YSom8QAc4rKhg7b9tyyVqDBlQxy7Bf2wW7yIlPGPg2UODDQcbkTlruPzDosw==

"@rollup/rollup-darwin-x64@4.26.0":
  version "4.26.0"
  resolved "https://registry.yarnpkg.com/@rollup/rollup-darwin-x64/-/rollup-darwin-x64-4.26.0.tgz#8131b174ca8cec04e2041e42eb8382afe31095c8"
  integrity sha512-wbgkYDHcdWW+NqP2mnf2NOuEbOLzDblalrOWcPyY6+BRbVhliavon15UploG7PpBRQ2bZJnbmh8o3yLoBvDIHA==

"@rollup/rollup-freebsd-arm64@4.26.0":
  version "4.26.0"
  resolved "https://registry.yarnpkg.com/@rollup/rollup-freebsd-arm64/-/rollup-freebsd-arm64-4.26.0.tgz#550a0ebf5bea6ceee79dc2f75a0bcef7d660de2c"
  integrity sha512-Y9vpjfp9CDkAG4q/uwuhZk96LP11fBz/bYdyg9oaHYhtGZp7NrbkQrj/66DYMMP2Yo/QPAsVHkV891KyO52fhg==

"@rollup/rollup-freebsd-x64@4.26.0":
  version "4.26.0"
  resolved "https://registry.yarnpkg.com/@rollup/rollup-freebsd-x64/-/rollup-freebsd-x64-4.26.0.tgz#51ca2e6d9ce72e63d5201607651732e5300a6f81"
  integrity sha512-A/jvfCZ55EYPsqeaAt/yDAG4q5tt1ZboWMHEvKAH9Zl92DWvMIbnZe/f/eOXze65aJaaKbL+YeM0Hz4kLQvdwg==

"@rollup/rollup-linux-arm-gnueabihf@4.26.0":
  version "4.26.0"
  resolved "https://registry.yarnpkg.com/@rollup/rollup-linux-arm-gnueabihf/-/rollup-linux-arm-gnueabihf-4.26.0.tgz#ae71d6aa81e702c4efb72c1a67a6a4e790267a1b"
  integrity sha512-paHF1bMXKDuizaMODm2bBTjRiHxESWiIyIdMugKeLnjuS1TCS54MF5+Y5Dx8Ui/1RBPVRE09i5OUlaLnv8OGnA==

"@rollup/rollup-linux-arm-musleabihf@4.26.0":
  version "4.26.0"
  resolved "https://registry.yarnpkg.com/@rollup/rollup-linux-arm-musleabihf/-/rollup-linux-arm-musleabihf-4.26.0.tgz#6aa7baa5c39c095fa5f9804e283e126697e0342a"
  integrity sha512-cwxiHZU1GAs+TMxvgPfUDtVZjdBdTsQwVnNlzRXC5QzIJ6nhfB4I1ahKoe9yPmoaA/Vhf7m9dB1chGPpDRdGXg==

"@rollup/rollup-linux-arm64-gnu@4.26.0":
  version "4.26.0"
  resolved "https://registry.yarnpkg.com/@rollup/rollup-linux-arm64-gnu/-/rollup-linux-arm64-gnu-4.26.0.tgz#2b06e147ca68c7729ca38e5c7a514d1b00f4d151"
  integrity sha512-4daeEUQutGRCW/9zEo8JtdAgtJ1q2g5oHaoQaZbMSKaIWKDQwQ3Yx0/3jJNmpzrsScIPtx/V+1AfibLisb3AMQ==

"@rollup/rollup-linux-arm64-musl@4.26.0":
  version "4.26.0"
  resolved "https://registry.yarnpkg.com/@rollup/rollup-linux-arm64-musl/-/rollup-linux-arm64-musl-4.26.0.tgz#70f8cacb255800e4cad41bdbe447432354288909"
  integrity sha512-eGkX7zzkNxvvS05ROzJ/cO/AKqNvR/7t1jA3VZDi2vRniLKwAWxUr85fH3NsvtxU5vnUUKFHKh8flIBdlo2b3Q==

"@rollup/rollup-linux-powerpc64le-gnu@4.26.0":
  version "4.26.0"
  resolved "https://registry.yarnpkg.com/@rollup/rollup-linux-powerpc64le-gnu/-/rollup-linux-powerpc64le-gnu-4.26.0.tgz#21aed3ef42518b7fe33f4037a14b0939a071cf75"
  integrity sha512-Odp/lgHbW/mAqw/pU21goo5ruWsytP7/HCC/liOt0zcGG0llYWKrd10k9Fj0pdj3prQ63N5yQLCLiE7HTX+MYw==

"@rollup/rollup-linux-riscv64-gnu@4.26.0":
  version "4.26.0"
  resolved "https://registry.yarnpkg.com/@rollup/rollup-linux-riscv64-gnu/-/rollup-linux-riscv64-gnu-4.26.0.tgz#fe27eb8cbd3a6e0706459781c2463b624f785696"
  integrity sha512-MBR2ZhCTzUgVD0OJdTzNeF4+zsVogIR1U/FsyuFerwcqjZGvg2nYe24SAHp8O5sN8ZkRVbHwlYeHqcSQ8tcYew==

"@rollup/rollup-linux-s390x-gnu@4.26.0":
  version "4.26.0"
  resolved "https://registry.yarnpkg.com/@rollup/rollup-linux-s390x-gnu/-/rollup-linux-s390x-gnu-4.26.0.tgz#80289a528dd333b0e277efd93bfa8e2cdd27e5eb"
  integrity sha512-YYcg8MkbN17fMbRMZuxwmxWqsmQufh3ZJFxFGoHjrE7bv0X+T6l3glcdzd7IKLiwhT+PZOJCblpnNlz1/C3kGQ==

"@rollup/rollup-linux-x64-gnu@4.26.0":
  version "4.26.0"
  resolved "https://registry.yarnpkg.com/@rollup/rollup-linux-x64-gnu/-/rollup-linux-x64-gnu-4.26.0.tgz#9909570be5cb738c23858c94308d37dde363eb7e"
  integrity sha512-ZuwpfjCwjPkAOxpjAEjabg6LRSfL7cAJb6gSQGZYjGhadlzKKywDkCUnJ+KEfrNY1jH5EEoSIKLCb572jSiglA==

"@rollup/rollup-linux-x64-musl@4.26.0":
  version "4.26.0"
  resolved "https://registry.yarnpkg.com/@rollup/rollup-linux-x64-musl/-/rollup-linux-x64-musl-4.26.0.tgz#371315e032497f7a46f64b4ebcd207313b7f6669"
  integrity sha512-+HJD2lFS86qkeF8kNu0kALtifMpPCZU80HvwztIKnYwym3KnA1os6nsX4BGSTLtS2QVAGG1P3guRgsYyMA0Yhg==

"@rollup/rollup-win32-arm64-msvc@4.26.0":
  version "4.26.0"
  resolved "https://registry.yarnpkg.com/@rollup/rollup-win32-arm64-msvc/-/rollup-win32-arm64-msvc-4.26.0.tgz#f4b4e0747710ba287eb2e2a011538ee2ed7f74d3"
  integrity sha512-WUQzVFWPSw2uJzX4j6YEbMAiLbs0BUysgysh8s817doAYhR5ybqTI1wtKARQKo6cGop3pHnrUJPFCsXdoFaimQ==

"@rollup/rollup-win32-ia32-msvc@4.26.0":
  version "4.26.0"
  resolved "https://registry.yarnpkg.com/@rollup/rollup-win32-ia32-msvc/-/rollup-win32-ia32-msvc-4.26.0.tgz#2eeabbc99342dafe04613a76c441be4ebcca49c3"
  integrity sha512-D4CxkazFKBfN1akAIY6ieyOqzoOoBV1OICxgUblWxff/pSjCA2khXlASUx7mK6W1oP4McqhgcCsu6QaLj3WMWg==

"@rollup/rollup-win32-x64-msvc@4.26.0":
  version "4.26.0"
  resolved "https://registry.yarnpkg.com/@rollup/rollup-win32-x64-msvc/-/rollup-win32-x64-msvc-4.26.0.tgz#a3ae3da434a4ba0785312e963ae4c1239470403a"
  integrity sha512-2x8MO1rm4PGEP0xWbubJW5RtbNLk3puzAMaLQd3B3JHVw4KcHlmXcO+Wewx9zCoo7EUFiMlu/aZbCJ7VjMzAag==

"@swc/core-darwin-arm64@1.9.2":
  version "1.9.2"
  resolved "https://registry.yarnpkg.com/@swc/core-darwin-arm64/-/core-darwin-arm64-1.9.2.tgz#98b60a56229c4341c1263723f985e04f3f82d499"
  integrity sha512-nETmsCoY29krTF2PtspEgicb3tqw7Ci5sInTI03EU5zpqYbPjoPH99BVTjj0OsF53jP5MxwnLI5Hm21lUn1d6A==

"@swc/core-darwin-x64@1.9.2":
  version "1.9.2"
  resolved "https://registry.yarnpkg.com/@swc/core-darwin-x64/-/core-darwin-x64-1.9.2.tgz#6bb1be573878acf42aa6abd6b602ef0136cc00de"
  integrity sha512-9gD+bwBz8ZByjP6nZTXe/hzd0tySIAjpDHgkFiUrc+5zGF+rdTwhcNrzxNHJmy6mw+PW38jqII4uspFHUqqxuQ==

"@swc/core-linux-arm-gnueabihf@1.9.2":
  version "1.9.2"
  resolved "https://registry.yarnpkg.com/@swc/core-linux-arm-gnueabihf/-/core-linux-arm-gnueabihf-1.9.2.tgz#e63f57f2e214f06d711bed830d53af0597749647"
  integrity sha512-kYq8ief1Qrn+WmsTWAYo4r+Coul4dXN6cLFjiPZ29Cv5pyU+GFvSPAB4bEdMzwy99rCR0u2P10UExaeCjurjvg==

"@swc/core-linux-arm64-gnu@1.9.2":
  version "1.9.2"
  resolved "https://registry.yarnpkg.com/@swc/core-linux-arm64-gnu/-/core-linux-arm64-gnu-1.9.2.tgz#cb26240fe5769c1675ac75717ec836e99a7f7e93"
  integrity sha512-n0W4XiXlmEIVqxt+rD3ZpkogsEWUk1jJ+i5bQNgB+1JuWh0fBE8c/blDgTQXa0GB5lTPVDZQussgdNOCnAZwiA==

"@swc/core-linux-arm64-musl@1.9.2":
  version "1.9.2"
  resolved "https://registry.yarnpkg.com/@swc/core-linux-arm64-musl/-/core-linux-arm64-musl-1.9.2.tgz#0e4733e4e4398bee0c030a4e97279f78a65d4e61"
  integrity sha512-8xzrOmsyCC1zrx2Wzx/h8dVsdewO1oMCwBTLc1gSJ/YllZYTb04pNm6NsVbzUX2tKddJVRgSJXV10j/NECLwpA==

"@swc/core-linux-x64-gnu@1.9.2":
  version "1.9.2"
  resolved "https://registry.yarnpkg.com/@swc/core-linux-x64-gnu/-/core-linux-x64-gnu-1.9.2.tgz#6b4b86d06537004cc4477915b67f7d94d1b6ba33"
  integrity sha512-kZrNz/PjRQKcchWF6W292jk3K44EoVu1ad5w+zbS4jekIAxsM8WwQ1kd+yjUlN9jFcF8XBat5NKIs9WphJCVXg==

"@swc/core-linux-x64-musl@1.9.2":
  version "1.9.2"
  resolved "https://registry.yarnpkg.com/@swc/core-linux-x64-musl/-/core-linux-x64-musl-1.9.2.tgz#d6de84dbdcf69b1fdb45c8ae232b7d23ba92c7e2"
  integrity sha512-TTIpR4rjMkhX1lnFR+PSXpaL83TrQzp9znRdp2TzYrODlUd/R20zOwSo9vFLCyH6ZoD47bccY7QeGZDYT3nlRg==

"@swc/core-win32-arm64-msvc@1.9.2":
  version "1.9.2"
  resolved "https://registry.yarnpkg.com/@swc/core-win32-arm64-msvc/-/core-win32-arm64-msvc-1.9.2.tgz#a5c477f0296e499890f55cfaa7c0100152b1900b"
  integrity sha512-+Eg2d4icItKC0PMjZxH7cSYFLWk0aIp94LNmOw6tPq0e69ax6oh10upeq0D1fjWsKLmOJAWEvnXlayZcijEXDw==

"@swc/core-win32-ia32-msvc@1.9.2":
  version "1.9.2"
  resolved "https://registry.yarnpkg.com/@swc/core-win32-ia32-msvc/-/core-win32-ia32-msvc-1.9.2.tgz#66bbfea8cfcf6b602b8fb0d9ee788e92c8a736ed"
  integrity sha512-nLWBi4vZDdM/LkiQmPCakof8Dh1/t5EM7eudue04V1lIcqx9YHVRS3KMwEaCoHLGg0c312Wm4YgrWQd9vwZ5zQ==

"@swc/core-win32-x64-msvc@1.9.2":
  version "1.9.2"
  resolved "https://registry.yarnpkg.com/@swc/core-win32-x64-msvc/-/core-win32-x64-msvc-1.9.2.tgz#f609fefac8f412b445cb0a2bfec73a657e41d4db"
  integrity sha512-ik/k+JjRJBFkXARukdU82tSVx0CbExFQoQ78qTO682esbYXzjdB5eLVkoUbwen299pnfr88Kn4kyIqFPTje8Xw==

"@swc/core@^1.7.6", "@swc/core@^1.9.2":
  version "1.9.2"
  resolved "https://registry.yarnpkg.com/@swc/core/-/core-1.9.2.tgz#226bdc5033ba0af85c0bf814b16bdc1df0070d35"
  integrity sha512-dYyEkO6mRYtZFpnOsnYzv9rY69fHAHoawYOjGOEcxk9WYtaJhowMdP/w6NcOKnz2G7GlZaenjkzkMa6ZeQeMsg==
  dependencies:
    "@swc/counter" "^0.1.3"
    "@swc/types" "^0.1.15"
  optionalDependencies:
    "@swc/core-darwin-arm64" "1.9.2"
    "@swc/core-darwin-x64" "1.9.2"
    "@swc/core-linux-arm-gnueabihf" "1.9.2"
    "@swc/core-linux-arm64-gnu" "1.9.2"
    "@swc/core-linux-arm64-musl" "1.9.2"
    "@swc/core-linux-x64-gnu" "1.9.2"
    "@swc/core-linux-x64-musl" "1.9.2"
    "@swc/core-win32-arm64-msvc" "1.9.2"
    "@swc/core-win32-ia32-msvc" "1.9.2"
    "@swc/core-win32-x64-msvc" "1.9.2"

"@swc/counter@^0.1.3":
  version "0.1.3"
  resolved "https://registry.yarnpkg.com/@swc/counter/-/counter-0.1.3.tgz#cc7463bd02949611c6329596fccd2b0ec782b0e9"
  integrity sha512-e2BR4lsJkkRlKZ/qCHPw9ZaSxc0MVUd7gtbtaB7aMvHeJVYe8sOB8DBZkP2DtISHGSku9sCK6T6cnY0CtXrOCQ==

"@swc/types@^0.1.15":
  version "0.1.15"
  resolved "https://registry.yarnpkg.com/@swc/types/-/types-0.1.15.tgz#9a3b3873d93382750b823aaeabca787bd3fa7c96"
  integrity sha512-XKaZ+dzDIQ9Ot9o89oJQ/aluI17+VvUnIpYJTcZtvv1iYX6MzHh3Ik2CSR7MdPKpPwfZXHBeCingb2b4PoDVdw==
  dependencies:
    "@swc/counter" "^0.1.3"

"@types/estree@1.0.6", "@types/estree@^1.0.0":
  version "1.0.6"
  resolved "https://registry.yarnpkg.com/@types/estree/-/estree-1.0.6.tgz#628effeeae2064a1b4e79f78e81d87b7e5fc7b50"
  integrity sha512-AYnb1nQyY49te+VRAVgmzfcgjYS91mY5P0TKUDCLEM+gNnA+3T6rWITXRLYCpahpqSQbN5cE+gHpnPyXjHWxcw==

"@types/node@^22.8.1":
  version "22.9.0"
  resolved "https://registry.yarnpkg.com/@types/node/-/node-22.9.0.tgz#b7f16e5c3384788542c72dc3d561a7ceae2c0365"
  integrity sha512-vuyHg81vvWA1Z1ELfvLko2c8f34gyA0zaic0+Rllc5lbCnbSyuvb2Oxpm6TAUAC/2xZN3QGqxBNggD1nNR2AfQ==
  dependencies:
    undici-types "~6.19.8"

brotli-size@^4.0.0:
  version "4.0.0"
  resolved "https://registry.yarnpkg.com/brotli-size/-/brotli-size-4.0.0.tgz#a05ee3faad3c0e700a2f2da826ba6b4d76e69e5e"
  integrity sha512-uA9fOtlTRC0iqKfzff1W34DXUA3GyVqbUaeo3Rw3d4gd1eavKVCETXrn3NzO74W+UVkG3UHu8WxUi+XvKI/huA==
  dependencies:
    duplexer "0.1.1"

duplexer@0.1.1:
  version "0.1.1"
  resolved "https://registry.yarnpkg.com/duplexer/-/duplexer-0.1.1.tgz#ace6ff808c1ce66b57d1ebf97977acb02334cfc1"
  integrity sha512-sxNZ+ljy+RA1maXoUReeqBBpBC6RLKmg5ewzV+x+mSETmWNoKdZN6vcQjpFROemza23hGFskJtFNoUWUaQ+R4Q==

duplexer@^0.1.2:
  version "0.1.2"
  resolved "https://registry.yarnpkg.com/duplexer/-/duplexer-0.1.2.tgz#3abe43aef3835f8ae077d136ddce0f276b0400e6"
  integrity sha512-jtD6YG370ZCIi/9GTaJKQxWTZD045+4R4hTk/x1UyoqadyJ9x9CgSi1RlVDQF8U2sxLLSnFkCaMihqljHIWgMg==

estree-walker@^2.0.2:
  version "2.0.2"
  resolved "https://registry.yarnpkg.com/estree-walker/-/estree-walker-2.0.2.tgz#52f010178c2a4c117a7757cfe942adb7d2da4cac"
  integrity sha512-Rfkk/Mp/DL7JVje3u18FxFujQlTNR2q6QfMSMB7AvCBx91NGj/ba3kCfza0f6dVDbw7YlRf/nDrn7pQrCCyQ/w==

fsevents@~2.3.2:
  version "2.3.3"
  resolved "https://registry.yarnpkg.com/fsevents/-/fsevents-2.3.3.tgz#cac6407785d03675a2a5e1a5305c697b347d90d6"
  integrity sha512-5xoDfX+fL7faATnagmWPpbFtwh/R77WmMMqqHGS65C3vvB0YHrgF+B1YmZ3441tMj5n63k0212XNoJwzlhffQw==

gzip-size@^7.0.0:
  version "7.0.0"
  resolved "https://registry.yarnpkg.com/gzip-size/-/gzip-size-7.0.0.tgz#9f9644251f15bc78460fccef4055ae5a5562ac60"
  integrity sha512-O1Ld7Dr+nqPnmGpdhzLmMTQ4vAsD+rHwMm1NLUmoUFFymBOMKxCCrtDxqdBRYXdeEPEi3SyoR4TizJLQrnKBNA==
  dependencies:
    duplexer "^0.1.2"

js-tokens@^4.0.0:
  version "4.0.0"
  resolved "https://registry.yarnpkg.com/js-tokens/-/js-tokens-4.0.0.tgz#19203fb59991df98e3a287050d4647cdeaf32499"
  integrity sha512-RdJUflcE3cUzKiMqQgsCu06FPu9UdIJO0beYbPhHN4k6apgJtifcoCtT9bcxOpYBtpD2kCM6Sbzg4CausW/PKQ==

magic-string@^0.30.10:
  version "0.30.12"
  resolved "https://registry.yarnpkg.com/magic-string/-/magic-string-0.30.12.tgz#9eb11c9d072b9bcb4940a5b2c2e1a217e4ee1a60"
  integrity sha512-Ea8I3sQMVXr8JhN4z+H/d8zwo+tYDgHE9+5G4Wnrwhs0gaK9fXTKx0Tw5Xwsd/bCPTTZNRAdpyzvoeORe9LYpw==
  dependencies:
    "@jridgewell/sourcemap-codec" "^1.5.0"

picocolors@^1.0.0:
  version "1.1.1"
  resolved "https://registry.yarnpkg.com/picocolors/-/picocolors-1.1.1.tgz#3d321af3eab939b083c8f929a1d12cda81c26b6b"
  integrity sha512-xceH2snhtb5M9liqDsmEw56le376mTZkEX/jEb/RxNFyegNul7eNslCXP9FDj/Lcu0X8KEyMceP2ntpaHrDEVA==

picomatch@^4.0.2:
  version "4.0.2"
  resolved "https://registry.yarnpkg.com/picomatch/-/picomatch-4.0.2.tgz#77c742931e8f3b8820946c76cd0c1f13730d1dab"
  integrity sha512-M7BAV6Rlcy5u+m6oPhAPFgJTzAioX/6B0DxyvDlo9l8+T3nLKbrczg2WLUyzd45L8RqfUMyGPzekbMvX2Ldkwg==

rollup-plugin-dts@^6.1.1:
  version "6.1.1"
  resolved "https://registry.yarnpkg.com/rollup-plugin-dts/-/rollup-plugin-dts-6.1.1.tgz#46b33f4d1d7f4e66f1171ced9b282ac11a15a254"
  integrity sha512-aSHRcJ6KG2IHIioYlvAOcEq6U99sVtqDDKVhnwt70rW6tsz3tv5OSjEiWcgzfsHdLyGXZ/3b/7b/+Za3Y6r1XA==
  dependencies:
    magic-string "^0.30.10"
  optionalDependencies:
    "@babel/code-frame" "^7.24.2"

rollup-plugin-swc-minify@^1.1.2:
  version "1.1.2"
  resolved "https://registry.yarnpkg.com/rollup-plugin-swc-minify/-/rollup-plugin-swc-minify-1.1.2.tgz#048e35cc732f766de9383d7aff813eb7210d0dbc"
  integrity sha512-EvWt4YYp1lfZkBZIIvTDq0H+5Pg4YTcFkNMSyZtZxPrwMSTmTJb9Ka8TrgW/aFMbV3+RpdNlWsS7Ts3fVdnbcA==
  dependencies:
    "@swc/core" "^1.7.6"

rollup@^4.26.0:
  version "4.26.0"
  resolved "https://registry.yarnpkg.com/rollup/-/rollup-4.26.0.tgz#a3e5fb29d50953633a2fd4506da6448d93268944"
  integrity sha512-ilcl12hnWonG8f+NxU6BlgysVA0gvY2l8N0R84S1HcINbW20bvwuCngJkkInV6LXhwRpucsW5k1ovDwEdBVrNg==
  dependencies:
    "@types/estree" "1.0.6"
  optionalDependencies:
    "@rollup/rollup-android-arm-eabi" "4.26.0"
    "@rollup/rollup-android-arm64" "4.26.0"
    "@rollup/rollup-darwin-arm64" "4.26.0"
    "@rollup/rollup-darwin-x64" "4.26.0"
    "@rollup/rollup-freebsd-arm64" "4.26.0"
    "@rollup/rollup-freebsd-x64" "4.26.0"
    "@rollup/rollup-linux-arm-gnueabihf" "4.26.0"
    "@rollup/rollup-linux-arm-musleabihf" "4.26.0"
    "@rollup/rollup-linux-arm64-gnu" "4.26.0"
    "@rollup/rollup-linux-arm64-musl" "4.26.0"
    "@rollup/rollup-linux-powerpc64le-gnu" "4.26.0"
    "@rollup/rollup-linux-riscv64-gnu" "4.26.0"
    "@rollup/rollup-linux-s390x-gnu" "4.26.0"
    "@rollup/rollup-linux-x64-gnu" "4.26.0"
    "@rollup/rollup-linux-x64-musl" "4.26.0"
    "@rollup/rollup-win32-arm64-msvc" "4.26.0"
    "@rollup/rollup-win32-ia32-msvc" "4.26.0"
    "@rollup/rollup-win32-x64-msvc" "4.26.0"
    fsevents "~2.3.2"

smob@^1.4.0:
  version "1.5.0"
  resolved "https://registry.yarnpkg.com/smob/-/smob-1.5.0.tgz#85d79a1403abf128d24d3ebc1cdc5e1a9548d3ab"
  integrity sha512-g6T+p7QO8npa+/hNx9ohv1E5pVCmWrVCUzUXJyLdMmftX6ER0oiWY/w9knEonLpnOp6b6FenKnMfR8gqwWdwig==

typescript@^5.6.3:
  version "5.6.3"
  resolved "https://registry.yarnpkg.com/typescript/-/typescript-5.6.3.tgz#5f3449e31c9d94febb17de03cc081dd56d81db5b"
  integrity sha512-hjcS1mhfuyi4WW8IWtjP7brDrG2cuDZukyrYrSauoXGNgx0S7zceP07adYkJycEr56BOUTNPzbInooiN3fn1qw==

undici-types@~6.19.8:
  version "6.19.8"
  resolved "https://registry.yarnpkg.com/undici-types/-/undici-types-6.19.8.tgz#35111c9d1437ab83a7cdc0abae2f26d88eda0a02"
  integrity sha512-ve2KP6f/JnbPBFyobGHuerC9g1FYGn/F8n1LWTwNxCEzd6IfqTwUQcNXgEtmmQ6DlRrC1hrSrBnCZPokRrDHjw==
